dependencies:
- name: consul
  repository: file://pv-charts/consul
  version: 1.1.2
- name: mongodb
  repository: file://pv-charts/mongodb
  version: 0.4.12
- name: postgresql
  repository: file://pv-charts/postgresql
  version: 0.7.1
- name: redis
  repository: file://pv-charts/redis
  version: 0.8.0
- name: rabbitmq
  repository: file://pv-charts/rabbitmq
  version: 0.6.15
- name: nats
  repository: file://../nats
  version: 0.1.1
- name: builder
  repository: file://local-charts/builder
  version: 0.1.4
- name: runner
  repository: file://local-charts/runner
  version: 0.1.4
- name: registry
  repository: file://../registry
  version: 0.1.2
- name: ingress
  repository: file://../ingress
  version: 0.1.8
- name: cluster-providers
  repository: file://local-charts/cluster-providers
  version: 0.0.3
- name: kube-integration
  repository: file://local-charts/kube-integration
  version: 0.0.4
- name: accounts-referrals
  repository: file://local-charts/accounts-referrals
  version: 0.0.3
- name: charts-manager
  repository: file://local-charts/charts-manager
  version: 0.0.3
- name: mailer
  repository: file://local-charts/mailer
  version: 0.0.3
- name: payments
  repository: file://local-charts/payments
  version: 0.1.7
- name: cfsign
  repository: file://local-charts/cfsign
  version: 0.3.2
- name: internal-status-page
  repository: file://local-charts/internal-status-page
  version: 0.0.3
- name: segment-reporter
  repository: file://local-charts/segment-reporter
  version: 0.0.4
- name: workflow-baseline-invoker
  repository: file://local-charts/workflow-baseline-invoker
  version: 0.0.5
- name: salesforce-reporter
  repository: file://local-charts/salesforce-reporter
  version: 0.1.3
- name: tasker-kubernetes
  repository: file://local-charts/tasker-kubernetes
  version: 0.0.2
- name: context-manager
  repository: file://local-charts/context-manager
  version: 0.0.2
- name: pipeline-manager
  repository: file://local-charts/pipeline-manager
  version: 0.0.2
- name: cfapi
  repository: file://local-charts/cfapi
  version: 0.2.3
- name: cfui
  repository: http://chartmuseum.codefresh.io
  version: 2.8.342
- name: onboarding-status
  repository: http://chartmuseum.codefresh.io
  version: 1.0.54
- name: cfanalytic
  repository: http://chartmuseum.codefresh.io
  version: 1.0.49
- name: runtime-environment-manager
  repository: http://chartmuseum.codefresh.io
  version: 1.7.23
- name: cf-broadcaster
  repository: http://chartmuseum.codefresh.io
  version: 1.0.23
- name: helm-repo-manager
  repository: http://chartmuseum.codefresh.io
  version: 0.2.9
- name: hermes
  repository: http://chartmuseum.codefresh.io
  version: 0.9.26
- name: nomios
  repository: http://chartmuseum.codefresh.io
  version: 0.4.21
- name: cronus
  repository: http://chartmuseum.codefresh.io
  version: 0.2.14
- name: chartmuseum
  repository: file://local-charts/chartmuseum
  version: 1.3.1
digest: sha256:7a29e99a6059fff30289119214eda2f91e7844e9a481a9d164234e0433601c6c
generated: 2019-04-11T11:00:07.473545+03:00
