dependencies:
- name: consul
  repository: file://pv-charts/consul
  version: 1.1.2
- name: mongodb
  repository: file://pv-charts/mongodb
  version: 0.4.12
- name: postgresql
  repository: file://pv-charts/postgresql
  version: 0.7.1
- name: redis
  repository: file://pv-charts/redis
  version: 0.8.0
- name: rabbitmq
  repository: file://pv-charts/rabbitmq
  version: 0.6.15
- name: nats
  repository: file://../nats
  version: 0.1.1
- name: builder
  repository: file://local-charts/builder
  version: 0.1.4
- name: runner
  repository: file://local-charts/runner
  version: 0.1.4
- name: registry
  repository: file://../registry
  version: 0.1.2
- name: ingress
  repository: file://../ingress
  version: 0.1.8
- name: cluster-providers
  repository: http://chartmuseum.codefresh.io
  version: 1.4.3
- name: kube-integration
  repository: http://chartmuseum.codefresh.io
  version: 1.11.1
- name: accounts-referrals
  repository: http://chartmuseum.codefresh.io
  version: 1.4.3
- name: charts-manager
  repository: http://chartmuseum.codefresh.io
  version: 1.4.2
- name: mailer
  repository: http://chartmuseum.codefresh.io
  version: 1.13.4
- name: payments
  repository: http://chartmuseum.codefresh.io
  version: 1.18.12
- name: cfsign
  repository: http://chartmuseum.codefresh.io
  version: 1.1.2
- name: segment-reporter
  repository: http://chartmuseum.codefresh.io
  version: 1.3.4
- name: salesforce-reporter
  repository: http://chartmuseum.codefresh.io
  version: 1.2.5
- name: tasker-kubernetes
  repository: http://chartmuseum.codefresh.io
  version: 1.4.1
- name: context-manager
  repository: http://chartmuseum.codefresh.io
  version: 2.1.8
- name: pipeline-manager
  repository: http://chartmuseum.codefresh.io
  version: 3.55.5
- name: cfapi
  repository: http://chartmuseum.codefresh.io
  version: 13.18.5
- name: cfui
  repository: http://chartmuseum.codefresh.io
  version: 11.11.8
- name: onboarding-status
  repository: http://chartmuseum.codefresh.io
  version: 1.4.2
- name: runtime-environment-manager
  repository: http://chartmuseum.codefresh.io
  version: 3.14.1
- name: cf-broadcaster
  repository: http://chartmuseum.codefresh.io
  version: 1.2.1
- name: helm-repo-manager
  repository: http://chartmuseum.codefresh.io
  version: 0.3.3
- name: hermes
  repository: http://chartmuseum.codefresh.io
  version: 0.10.3
- name: nomios
  repository: http://chartmuseum.codefresh.io
  version: 0.6.9
- name: cronus
  repository: http://chartmuseum.codefresh.io
  version: 0.3.1
- name: chartmuseum
  repository: file://local-charts/chartmuseum
  version: 1.3.1
digest: sha256:53b9129b4a366a12727d72f8064409adf020db1af512cdb94b22a5dd828445e4
generated: "2020-01-15T07:38:36.236062371+02:00"
